// !$*UTF8*$!
{
	archiveVersion = 1;
	classes = {
	};
	objectVersion = 46;
	objects = {

/* Begin PBXBuildFile section */
		F901C27A1CF3C05B006A9E9F /* ViewControllerSpec.swift in Sources */ = {isa = PBXBuildFile; fileRef = F901C2791CF3C05B006A9E9F /* ViewControllerSpec.swift */; };
		F9C9AFC31CF3BDC2000C728B /* Cedar.framework in Frameworks */ = {isa = PBXBuildFile; fileRef = F9C9AFBC1CF3BDC2000C728B /* Cedar.framework */; };
		F9C9AFC41CF3BDC2000C728B /* Foundation_PivotalCore.framework in Frameworks */ = {isa = PBXBuildFile; fileRef = F9C9AFBD1CF3BDC2000C728B /* Foundation_PivotalCore.framework */; };
		F9C9AFC51CF3BDC2000C728B /* Foundation_PivotalSpecHelper.framework in Frameworks */ = {isa = PBXBuildFile; fileRef = F9C9AFBE1CF3BDC2000C728B /* Foundation_PivotalSpecHelper.framework */; };
		F9C9AFC61CF3BDC2000C728B /* Nimble.framework in Frameworks */ = {isa = PBXBuildFile; fileRef = F9C9AFBF1CF3BDC2000C728B /* Nimble.framework */; };
		F9C9AFC71CF3BDC2000C728B /* UIKit_PivotalCore.framework in Frameworks */ = {isa = PBXBuildFile; fileRef = F9C9AFC01CF3BDC2000C728B /* UIKit_PivotalCore.framework */; };
		F9C9AFC81CF3BDC2000C728B /* UIKit_PivotalSpecHelper.framework in Frameworks */ = {isa = PBXBuildFile; fileRef = F9C9AFC11CF3BDC2000C728B /* UIKit_PivotalSpecHelper.framework */; };
		F9C9AFC91CF3BDC2000C728B /* UIKit_PivotalSpecHelperStubs.framework in Frameworks */ = {isa = PBXBuildFile; fileRef = F9C9AFC21CF3BDC2000C728B /* UIKit_PivotalSpecHelperStubs.framework */; };
		F9C9AFCC1CF3BED8000C728B /* AppDelegateSpec.swift in Sources */ = {isa = PBXBuildFile; fileRef = F9C9AFCB1CF3BED8000C728B /* AppDelegateSpec.swift */; };
		F9D81D351CF3B9E00026C24A /* AppDelegate.swift in Sources */ = {isa = PBXBuildFile; fileRef = F9D81D341CF3B9E00026C24A /* AppDelegate.swift */; };
		F9D81D371CF3B9E00026C24A /* ViewController.swift in Sources */ = {isa = PBXBuildFile; fileRef = F9D81D361CF3B9E00026C24A /* ViewController.swift */; };
		F9D81D3A1CF3B9E00026C24A /* Main.storyboard in Resources */ = {isa = PBXBuildFile; fileRef = F9D81D381CF3B9E00026C24A /* Main.storyboard */; };
		F9D81D3C1CF3B9E00026C24A /* Assets.xcassets in Resources */ = {isa = PBXBuildFile; fileRef = F9D81D3B1CF3B9E00026C24A /* Assets.xcassets */; };
		F9D81D3F1CF3B9E00026C24A /* LaunchScreen.storyboard in Resources */ = {isa = PBXBuildFile; fileRef = F9D81D3D1CF3B9E00026C24A /* LaunchScreen.storyboard */; };
/* End PBXBuildFile section */

/* Begin PBXContainerItemProxy section */
		F9D81D461CF3B9E00026C24A /* PBXContainerItemProxy */ = {
			isa = PBXContainerItemProxy;
			containerPortal = F9D81D291CF3B9E00026C24A /* Project object */;
			proxyType = 1;
			remoteGlobalIDString = F9D81D301CF3B9E00026C24A;
			remoteInfo = CedarSwift;
		};
/* End PBXContainerItemProxy section */

/* Begin PBXFileReference section */
		F901C2791CF3C05B006A9E9F /* ViewControllerSpec.swift */ = {isa = PBXFileReference; fileEncoding = 4; lastKnownFileType = sourcecode.swift; path = ViewControllerSpec.swift; sourceTree = "<group>"; };
		F9C9AFBC1CF3BDC2000C728B /* Cedar.framework */ = {isa = PBXFileReference; lastKnownFileType = wrapper.framework; name = Cedar.framework; path = Carthage/Build/iOS/Cedar.framework; sourceTree = "<group>"; };
		F9C9AFBD1CF3BDC2000C728B /* Foundation_PivotalCore.framework */ = {isa = PBXFileReference; lastKnownFileType = wrapper.framework; name = Foundation_PivotalCore.framework; path = Carthage/Build/iOS/Foundation_PivotalCore.framework; sourceTree = "<group>"; };
		F9C9AFBE1CF3BDC2000C728B /* Foundation_PivotalSpecHelper.framework */ = {isa = PBXFileReference; lastKnownFileType = wrapper.framework; name = Foundation_PivotalSpecHelper.framework; path = Carthage/Build/iOS/Foundation_PivotalSpecHelper.framework; sourceTree = "<group>"; };
		F9C9AFBF1CF3BDC2000C728B /* Nimble.framework */ = {isa = PBXFileReference; lastKnownFileType = wrapper.framework; name = Nimble.framework; path = Carthage/Build/iOS/Nimble.framework; sourceTree = "<group>"; };
		F9C9AFC01CF3BDC2000C728B /* UIKit_PivotalCore.framework */ = {isa = PBXFileReference; lastKnownFileType = wrapper.framework; name = UIKit_PivotalCore.framework; path = Carthage/Build/iOS/UIKit_PivotalCore.framework; sourceTree = "<group>"; };
		F9C9AFC11CF3BDC2000C728B /* UIKit_PivotalSpecHelper.framework */ = {isa = PBXFileReference; lastKnownFileType = wrapper.framework; name = UIKit_PivotalSpecHelper.framework; path = Carthage/Build/iOS/UIKit_PivotalSpecHelper.framework; sourceTree = "<group>"; };
		F9C9AFC21CF3BDC2000C728B /* UIKit_PivotalSpecHelperStubs.framework */ = {isa = PBXFileReference; lastKnownFileType = wrapper.framework; name = UIKit_PivotalSpecHelperStubs.framework; path = Carthage/Build/iOS/UIKit_PivotalSpecHelperStubs.framework; sourceTree = "<group>"; };
		F9C9AFCB1CF3BED8000C728B /* AppDelegateSpec.swift */ = {isa = PBXFileReference; fileEncoding = 4; lastKnownFileType = sourcecode.swift; path = AppDelegateSpec.swift; sourceTree = "<group>"; };
		F9D81D311CF3B9E00026C24A /* CedarSwift.app */ = {isa = PBXFileReference; explicitFileType = wrapper.application; includeInIndex = 0; path = CedarSwift.app; sourceTree = BUILT_PRODUCTS_DIR; };
		F9D81D341CF3B9E00026C24A /* AppDelegate.swift */ = {isa = PBXFileReference; lastKnownFileType = sourcecode.swift; path = AppDelegate.swift; sourceTree = "<group>"; };
		F9D81D361CF3B9E00026C24A /* ViewController.swift */ = {isa = PBXFileReference; lastKnownFileType = sourcecode.swift; path = ViewController.swift; sourceTree = "<group>"; };
		F9D81D391CF3B9E00026C24A /* Base */ = {isa = PBXFileReference; lastKnownFileType = file.storyboard; name = Base; path = Base.lproj/Main.storyboard; sourceTree = "<group>"; };
		F9D81D3B1CF3B9E00026C24A /* Assets.xcassets */ = {isa = PBXFileReference; lastKnownFileType = folder.assetcatalog; path = Assets.xcassets; sourceTree = "<group>"; };
		F9D81D3E1CF3B9E00026C24A /* Base */ = {isa = PBXFileReference; lastKnownFileType = file.storyboard; name = Base; path = Base.lproj/LaunchScreen.storyboard; sourceTree = "<group>"; };
		F9D81D401CF3B9E00026C24A /* Info.plist */ = {isa = PBXFileReference; lastKnownFileType = text.plist.xml; path = Info.plist; sourceTree = "<group>"; };
		F9D81D451CF3B9E00026C24A /* CedarSwiftTests.xctest */ = {isa = PBXFileReference; explicitFileType = wrapper.cfbundle; includeInIndex = 0; path = CedarSwiftTests.xctest; sourceTree = BUILT_PRODUCTS_DIR; };
		F9D81D4B1CF3B9E00026C24A /* Info.plist */ = {isa = PBXFileReference; lastKnownFileType = text.plist.xml; path = Info.plist; sourceTree = "<group>"; };
		F9D81D541CF3B9E00026C24A /* CedarSwiftUITests.swift */ = {isa = PBXFileReference; lastKnownFileType = sourcecode.swift; path = CedarSwiftUITests.swift; sourceTree = "<group>"; };
		F9D81D561CF3B9E00026C24A /* Info.plist */ = {isa = PBXFileReference; lastKnownFileType = text.plist.xml; path = Info.plist; sourceTree = "<group>"; };
/* End PBXFileReference section */

/* Begin PBXFrameworksBuildPhase section */
		F9D81D2E1CF3B9E00026C24A /* Frameworks */ = {
			isa = PBXFrameworksBuildPhase;
			buildActionMask = 2147483647;
			files = (
			);
			runOnlyForDeploymentPostprocessing = 0;
		};
		F9D81D421CF3B9E00026C24A /* Frameworks */ = {
			isa = PBXFrameworksBuildPhase;
			buildActionMask = 2147483647;
			files = (
				F9C9AFC31CF3BDC2000C728B /* Cedar.framework in Frameworks */,
				F9C9AFC41CF3BDC2000C728B /* Foundation_PivotalCore.framework in Frameworks */,
				F9C9AFC51CF3BDC2000C728B /* Foundation_PivotalSpecHelper.framework in Frameworks */,
				F9C9AFC61CF3BDC2000C728B /* Nimble.framework in Frameworks */,
				F9C9AFC71CF3BDC2000C728B /* UIKit_PivotalCore.framework in Frameworks */,
				F9C9AFC81CF3BDC2000C728B /* UIKit_PivotalSpecHelper.framework in Frameworks */,
				F9C9AFC91CF3BDC2000C728B /* UIKit_PivotalSpecHelperStubs.framework in Frameworks */,
			);
			runOnlyForDeploymentPostprocessing = 0;
		};
/* End PBXFrameworksBuildPhase section */

/* Begin PBXGroup section */
		F901C2781CF3BFF9006A9E9F /* Frameworks */ = {
			isa = PBXGroup;
			children = (
				F9C9AFBC1CF3BDC2000C728B /* Cedar.framework */,
				F9C9AFBD1CF3BDC2000C728B /* Foundation_PivotalCore.framework */,
				F9C9AFBE1CF3BDC2000C728B /* Foundation_PivotalSpecHelper.framework */,
				F9C9AFBF1CF3BDC2000C728B /* Nimble.framework */,
				F9C9AFC01CF3BDC2000C728B /* UIKit_PivotalCore.framework */,
				F9C9AFC11CF3BDC2000C728B /* UIKit_PivotalSpecHelper.framework */,
				F9C9AFC21CF3BDC2000C728B /* UIKit_PivotalSpecHelperStubs.framework */,
			);
			name = Frameworks;
			sourceTree = "<group>";
		};
		F9D81D281CF3B9E00026C24A = {
			isa = PBXGroup;
			children = (
				F901C2781CF3BFF9006A9E9F /* Frameworks */,
				F9D81D331CF3B9E00026C24A /* CedarSwift */,
				F9D81D481CF3B9E00026C24A /* CedarSwiftTests */,
				F9D81D531CF3B9E00026C24A /* CedarSwiftUITests */,
				F9D81D321CF3B9E00026C24A /* Products */,
			);
			sourceTree = "<group>";
		};
		F9D81D321CF3B9E00026C24A /* Products */ = {
			isa = PBXGroup;
			children = (
				F9D81D311CF3B9E00026C24A /* CedarSwift.app */,
				F9D81D451CF3B9E00026C24A /* CedarSwiftTests.xctest */,
			);
			name = Products;
			sourceTree = "<group>";
		};
		F9D81D331CF3B9E00026C24A /* CedarSwift */ = {
			isa = PBXGroup;
			children = (
				F9D81D341CF3B9E00026C24A /* AppDelegate.swift */,
				F9D81D361CF3B9E00026C24A /* ViewController.swift */,
				F9D81D381CF3B9E00026C24A /* Main.storyboard */,
				F9D81D3B1CF3B9E00026C24A /* Assets.xcassets */,
				F9D81D3D1CF3B9E00026C24A /* LaunchScreen.storyboard */,
				F9D81D401CF3B9E00026C24A /* Info.plist */,
			);
			path = CedarSwift;
			sourceTree = "<group>";
		};
		F9D81D481CF3B9E00026C24A /* CedarSwiftTests */ = {
			isa = PBXGroup;
			children = (
				F9D81D4B1CF3B9E00026C24A /* Info.plist */,
				F9C9AFCB1CF3BED8000C728B /* AppDelegateSpec.swift */,
				F901C2791CF3C05B006A9E9F /* ViewControllerSpec.swift */,
			);
			path = CedarSwiftTests;
			sourceTree = "<group>";
		};
		F9D81D531CF3B9E00026C24A /* CedarSwiftUITests */ = {
			isa = PBXGroup;
			children = (
				F9D81D541CF3B9E00026C24A /* CedarSwiftUITests.swift */,
				F9D81D561CF3B9E00026C24A /* Info.plist */,
			);
			path = CedarSwiftUITests;
			sourceTree = "<group>";
		};
/* End PBXGroup section */

/* Begin PBXNativeTarget section */
		F9D81D301CF3B9E00026C24A /* CedarSwift */ = {
			isa = PBXNativeTarget;
			buildConfigurationList = F9D81D591CF3B9E00026C24A /* Build configuration list for PBXNativeTarget "CedarSwift" */;
			buildPhases = (
				F9D81D2D1CF3B9E00026C24A /* Sources */,
				F9D81D2E1CF3B9E00026C24A /* Frameworks */,
				F9D81D2F1CF3B9E00026C24A /* Resources */,
			);
			buildRules = (
			);
			dependencies = (
			);
			name = CedarSwift;
			productName = CedarSwift;
			productReference = F9D81D311CF3B9E00026C24A /* CedarSwift.app */;
			productType = "com.apple.product-type.application";
		};
		F9D81D441CF3B9E00026C24A /* CedarSwiftTests */ = {
			isa = PBXNativeTarget;
			buildConfigurationList = F9D81D5C1CF3B9E00026C24A /* Build configuration list for PBXNativeTarget "CedarSwiftTests" */;
			buildPhases = (
				F9D81D411CF3B9E00026C24A /* Sources */,
				F9D81D421CF3B9E00026C24A /* Frameworks */,
				F9D81D431CF3B9E00026C24A /* Resources */,
				F9C9AFCA1CF3BDE2000C728B /* ShellScript */,
			);
			buildRules = (
			);
			dependencies = (
				F9D81D471CF3B9E00026C24A /* PBXTargetDependency */,
			);
			name = CedarSwiftTests;
			productName = CedarSwiftTests;
			productReference = F9D81D451CF3B9E00026C24A /* CedarSwiftTests.xctest */;
			productType = "com.apple.product-type.bundle.unit-test";
		};
/* End PBXNativeTarget section */

/* Begin PBXProject section */
		F9D81D291CF3B9E00026C24A /* Project object */ = {
			isa = PBXProject;
			attributes = {
				LastSwiftUpdateCheck = 0730;
				LastUpgradeCheck = 0730;
				ORGANIZATIONNAME = sparkwing;
				TargetAttributes = {
					F9D81D301CF3B9E00026C24A = {
						CreatedOnToolsVersion = 7.3.1;
						DevelopmentTeam = 7M23UJ52VC;
					};
					F9D81D441CF3B9E00026C24A = {
						CreatedOnToolsVersion = 7.3.1;
						DevelopmentTeam = 7M23UJ52VC;
						TestTargetID = F9D81D301CF3B9E00026C24A;
					};
				};
			};
			buildConfigurationList = F9D81D2C1CF3B9E00026C24A /* Build configuration list for PBXProject "CedarSwift" */;
			compatibilityVersion = "Xcode 3.2";
			developmentRegion = English;
			hasScannedForEncodings = 0;
			knownRegions = (
				en,
				Base,
			);
			mainGroup = F9D81D281CF3B9E00026C24A;
			productRefGroup = F9D81D321CF3B9E00026C24A /* Products */;
			projectDirPath = "";
			projectRoot = "";
			targets = (
				F9D81D301CF3B9E00026C24A /* CedarSwift */,
				F9D81D441CF3B9E00026C24A /* CedarSwiftTests */,
			);
		};
/* End PBXProject section */

/* Begin PBXResourcesBuildPhase section */
		F9D81D2F1CF3B9E00026C24A /* Resources */ = {
			isa = PBXResourcesBuildPhase;
			buildActionMask = 2147483647;
			files = (
				F9D81D3F1CF3B9E00026C24A /* LaunchScreen.storyboard in Resources */,
				F9D81D3C1CF3B9E00026C24A /* Assets.xcassets in Resources */,
				F9D81D3A1CF3B9E00026C24A /* Main.storyboard in Resources */,
			);
			runOnlyForDeploymentPostprocessing = 0;
		};
		F9D81D431CF3B9E00026C24A /* Resources */ = {
			isa = PBXResourcesBuildPhase;
			buildActionMask = 2147483647;
			files = (
			);
			runOnlyForDeploymentPostprocessing = 0;
		};
/* End PBXResourcesBuildPhase section */

/* Begin PBXShellScriptBuildPhase section */
		F9C9AFCA1CF3BDE2000C728B /* ShellScript */ = {
			isa = PBXShellScriptBuildPhase;
			buildActionMask = 2147483647;
			files = (
			);
			inputPaths = (
				"$(SRCROOT)/Carthage/Build/iOS/Cedar.framework",
				"$(SRCROOT)/Carthage/Build/iOS/Nimble.framework",
				"$(SRCROOT)/Carthage/Build/iOS/Foundation_PivotalCore.framework",
				"$(SRCROOT)/Carthage/Build/iOS/Foundation_PivotalSpecHelper.framework",
				"$(SRCROOT)/Carthage/Build/iOS/UIKit_PivotalCore.framework",
				"$(SRCROOT)/Carthage/Build/iOS/UIKit_PivotalSpecHelper.framework",
				"$(SRCROOT)/Carthage/Build/iOS/UIKit_PivotalSpecHelperStubs.framework",
			);
			outputPaths = (
			);
			runOnlyForDeploymentPostprocessing = 0;
			shellPath = /bin/sh;
			shellScript = "BUILT_PRODUCTS_DIR=$TARGET_BUILD_DIR /usr/local/bin/carthage copy-frameworks";
		};
/* End PBXShellScriptBuildPhase section */

/* Begin PBXSourcesBuildPhase section */
		F9D81D2D1CF3B9E00026C24A /* Sources */ = {
			isa = PBXSourcesBuildPhase;
			buildActionMask = 2147483647;
			files = (
				F9D81D371CF3B9E00026C24A /* ViewController.swift in Sources */,
				F9D81D351CF3B9E00026C24A /* AppDelegate.swift in Sources */,
			);
			runOnlyForDeploymentPostprocessing = 0;
		};
		F9D81D411CF3B9E00026C24A /* Sources */ = {
			isa = PBXSourcesBuildPhase;
			buildActionMask = 2147483647;
			files = (
				F9C9AFCC1CF3BED8000C728B /* AppDelegateSpec.swift in Sources */,
				F901C27A1CF3C05B006A9E9F /* ViewControllerSpec.swift in Sources */,
			);
			runOnlyForDeploymentPostprocessing = 0;
		};
/* End PBXSourcesBuildPhase section */

/* Begin PBXTargetDependency section */
		F9D81D471CF3B9E00026C24A /* PBXTargetDependency */ = {
			isa = PBXTargetDependency;
			target = F9D81D301CF3B9E00026C24A /* CedarSwift */;
			targetProxy = F9D81D461CF3B9E00026C24A /* PBXContainerItemProxy */;
		};
/* End PBXTargetDependency section */

/* Begin PBXVariantGroup section */
		F9D81D381CF3B9E00026C24A /* Main.storyboard */ = {
			isa = PBXVariantGroup;
			children = (
				F9D81D391CF3B9E00026C24A /* Base */,
			);
			name = Main.storyboard;
			sourceTree = "<group>";
		};
		F9D81D3D1CF3B9E00026C24A /* LaunchScreen.storyboard */ = {
			isa = PBXVariantGroup;
			children = (
				F9D81D3E1CF3B9E00026C24A /* Base */,
			);
			name = LaunchScreen.storyboard;
			sourceTree = "<group>";
		};
/* End PBXVariantGroup section */

/* Begin XCBuildConfiguration section */
		F9D81D571CF3B9E00026C24A /* Debug */ = {
			isa = XCBuildConfiguration;
			buildSettings = {
				ALWAYS_SEARCH_USER_PATHS = NO;
				CLANG_ANALYZER_NONNULL = YES;
				CLANG_CXX_LANGUAGE_STANDARD = "gnu++0x";
				CLANG_CXX_LIBRARY = "libc++";
				CLANG_ENABLE_MODULES = YES;
				CLANG_ENABLE_OBJC_ARC = YES;
				CLANG_WARN_BOOL_CONVERSION = YES;
				CLANG_WARN_CONSTANT_CONVERSION = YES;
				CLANG_WARN_DIRECT_OBJC_ISA_USAGE = YES_ERROR;
				CLANG_WARN_EMPTY_BODY = YES;
				CLANG_WARN_ENUM_CONVERSION = YES;
				CLANG_WARN_INT_CONVERSION = YES;
				CLANG_WARN_OBJC_ROOT_CLASS = YES_ERROR;
				CLANG_WARN_UNREACHABLE_CODE = YES;
				CLANG_WARN__DUPLICATE_METHOD_MATCH = YES;
				"CODE_SIGN_IDENTITY[sdk=iphoneos*]" = "iPhone Developer";
				COPY_PHASE_STRIP = NO;
				DEBUG_INFORMATION_FORMAT = dwarf;
				ENABLE_STRICT_OBJC_MSGSEND = YES;
				ENABLE_TESTABILITY = YES;
				GCC_C_LANGUAGE_STANDARD = gnu99;
				GCC_DYNAMIC_NO_PIC = NO;
				GCC_NO_COMMON_BLOCKS = YES;
				GCC_OPTIMIZATION_LEVEL = 0;
				GCC_PREPROCESSOR_DEFINITIONS = (
					"DEBUG=1",
					"$(inherited)",
				);
				GCC_WARN_64_TO_32_BIT_CONVERSION = YES;
				GCC_WARN_ABOUT_RETURN_TYPE = YES_ERROR;
				GCC_WARN_UNDECLARED_SELECTOR = YES;
				GCC_WARN_UNINITIALIZED_AUTOS = YES_AGGRESSIVE;
				GCC_WARN_UNUSED_FUNCTION = YES;
				GCC_WARN_UNUSED_VARIABLE = YES;
				IPHONEOS_DEPLOYMENT_TARGET = 9.3;
				MTL_ENABLE_DEBUG_INFO = YES;
				ONLY_ACTIVE_ARCH = YES;
				SDKROOT = iphoneos;
				SWIFT_OPTIMIZATION_LEVEL = "-Onone";
				TARGETED_DEVICE_FAMILY = "1,2";
			};
			name = Debug;
		};
		F9D81D581CF3B9E00026C24A /* Release */ = {
			isa = XCBuildConfiguration;
			buildSettings = {
				ALWAYS_SEARCH_USER_PATHS = NO;
				CLANG_ANALYZER_NONNULL = YES;
				CLANG_CXX_LANGUAGE_STANDARD = "gnu++0x";
				CLANG_CXX_LIBRARY = "libc++";
				CLANG_ENABLE_MODULES = YES;
				CLANG_ENABLE_OBJC_ARC = YES;
				CLANG_WARN_BOOL_CONVERSION = YES;
				CLANG_WARN_CONSTANT_CONVERSION = YES;
				CLANG_WARN_DIRECT_OBJC_ISA_USAGE = YES_ERROR;
				CLANG_WARN_EMPTY_BODY = YES;
				CLANG_WARN_ENUM_CONVERSION = YES;
				CLANG_WARN_INT_CONVERSION = YES;
				CLANG_WARN_OBJC_ROOT_CLASS = YES_ERROR;
				CLANG_WARN_UNREACHABLE_CODE = YES;
				CLANG_WARN__DUPLICATE_METHOD_MATCH = YES;
				"CODE_SIGN_IDENTITY[sdk=iphoneos*]" = "iPhone Developer";
				COPY_PHASE_STRIP = NO;
				DEBUG_INFORMATION_FORMAT = "dwarf-with-dsym";
				ENABLE_NS_ASSERTIONS = NO;
				ENABLE_STRICT_OBJC_MSGSEND = YES;
				GCC_C_LANGUAGE_STANDARD = gnu99;
				GCC_NO_COMMON_BLOCKS = YES;
				GCC_WARN_64_TO_32_BIT_CONVERSION = YES;
				GCC_WARN_ABOUT_RETURN_TYPE = YES_ERROR;
				GCC_WARN_UNDECLARED_SELECTOR = YES;
				GCC_WARN_UNINITIALIZED_AUTOS = YES_AGGRESSIVE;
				GCC_WARN_UNUSED_FUNCTION = YES;
				GCC_WARN_UNUSED_VARIABLE = YES;
				IPHONEOS_DEPLOYMENT_TARGET = 9.3;
				MTL_ENABLE_DEBUG_INFO = NO;
				SDKROOT = iphoneos;
				TARGETED_DEVICE_FAMILY = "1,2";
				VALIDATE_PRODUCT = YES;
			};
			name = Release;
		};
		F9D81D5A1CF3B9E00026C24A /* Debug */ = {
			isa = XCBuildConfiguration;
			buildSettings = {
				ASSETCATALOG_COMPILER_APPICON_NAME = AppIcon;
				INFOPLIST_FILE = CedarSwift/Info.plist;
				LD_RUNPATH_SEARCH_PATHS = "$(inherited) @executable_path/Frameworks";
				PRODUCT_BUNDLE_IDENTIFIER = com.sparkwing.CedarSwift;
				PRODUCT_NAME = "$(TARGET_NAME)";
			};
			name = Debug;
		};
		F9D81D5B1CF3B9E00026C24A /* Release */ = {
			isa = XCBuildConfiguration;
			buildSettings = {
				ASSETCATALOG_COMPILER_APPICON_NAME = AppIcon;
				INFOPLIST_FILE = CedarSwift/Info.plist;
				LD_RUNPATH_SEARCH_PATHS = "$(inherited) @executable_path/Frameworks";
				PRODUCT_BUNDLE_IDENTIFIER = com.sparkwing.CedarSwift;
				PRODUCT_NAME = "$(TARGET_NAME)";
			};
			name = Release;
		};
		F9D81D5D1CF3B9E00026C24A /* Debug */ = {
			isa = XCBuildConfiguration;
			buildSettings = {
				BUNDLE_LOADER = "$(TEST_HOST)";
				FRAMEWORK_SEARCH_PATHS = (
					"$(inherited)",
					"$(PROJECT_DIR)/Carthage/Build/iOS",
				);
				INFOPLIST_FILE = CedarSwiftTests/Info.plist;
				LD_RUNPATH_SEARCH_PATHS = "$(inherited) @executable_path/Frameworks @loader_path/Frameworks";
				PRODUCT_BUNDLE_IDENTIFIER = com.sparkwing.CedarSwiftTests;
				PRODUCT_NAME = "$(TARGET_NAME)";
				TEST_HOST = "$(BUILT_PRODUCTS_DIR)/CedarSwift.app/CedarSwift";
			};
			name = Debug;
		};
		F9D81D5E1CF3B9E00026C24A /* Release */ = {
			isa = XCBuildConfiguration;
			buildSettings = {
				BUNDLE_LOADER = "$(TEST_HOST)";
				FRAMEWORK_SEARCH_PATHS = (
					"$(inherited)",
					"$(PROJECT_DIR)/Carthage/Build/iOS",
				);
				INFOPLIST_FILE = CedarSwiftTests/Info.plist;
				LD_RUNPATH_SEARCH_PATHS = "$(inherited) @executable_path/Frameworks @loader_path/Frameworks";
				PRODUCT_BUNDLE_IDENTIFIER = com.sparkwing.CedarSwiftTests;
				PRODUCT_NAME = "$(TARGET_NAME)";
				TEST_HOST = "$(BUILT_PRODUCTS_DIR)/CedarSwift.app/CedarSwift";
			};
			name = Release;
		};
/* End XCBuildConfiguration section */

/* Begin XCConfigurationList section */
		F9D81D2C1CF3B9E00026C24A /* Build configuration list for PBXProject "CedarSwift" */ = {
			isa = XCConfigurationList;
			buildConfigurations = (
				F9D81D571CF3B9E00026C24A /* Debug */,
				F9D81D581CF3B9E00026C24A /* Release */,
			);
			defaultConfigurationIsVisible = 0;
			defaultConfigurationName = Release;
		};
		F9D81D591CF3B9E00026C24A /* Build configuration list for PBXNativeTarget "CedarSwift" */ = {
			isa = XCConfigurationList;
			buildConfigurations = (
				F9D81D5A1CF3B9E00026C24A /* Debug */,
				F9D81D5B1CF3B9E00026C24A /* Release */,
			);
			defaultConfigurationIsVisible = 0;
			defaultConfigurationName = Release;
		};
		F9D81D5C1CF3B9E00026C24A /* Build configuration list for PBXNativeTarget "CedarSwiftTests" */ = {
			isa = XCConfigurationList;
			buildConfigurations = (
				F9D81D5D1CF3B9E00026C24A /* Debug */,
				F9D81D5E1CF3B9E00026C24A /* Release */,
			);
			defaultConfigurationIsVisible = 0;
			defaultConfigurationName = Release;
		};
/* End XCConfigurationList section */
	};
	rootObject = F9D81D291CF3B9E00026C24A /* Project object */;
}
